
Microsoft Visual Studio Solution File, Format Version 12.00
# Visual Studio Version 16
VisualStudioVersion = 16.0.30413.136
MinimumVisualStudioVersion = 10.0.40219.1
Project("{FAE04EC0-301F-11D3-BF4B-00C04F79EFBC}") = "01FClientSync", "01FClientSync\01FClientSync.csproj", "{1864E7CE-BFBF-4C98-A18C-F6CB1BED7846}"
EndProject
Global
	GlobalSection(SolutionConfigurationPlatforms) = preSolution
		Debug|Any CPU = Debug|Any CPU
		Release|Any CPU = Release|Any CPU
	EndGlobalSection
	GlobalSection(ProjectConfigurationPlatforms) = postSolution
		{1864E7CE-BFBF-4C98-A18C-F6CB1BED7846}.Debug|Any CPU.ActiveCfg = Debug|Any CPU
		{1864E7CE-BFBF-4C98-A18C-F6CB1BED7846}.Debug|Any CPU.Build.0 = Debug|Any CPU
		{1864E7CE-BFBF-4C98-A18C-F6CB1BED7846}.Release|Any CPU.ActiveCfg = Release|Any CPU
		{1864E7CE-BFBF-4C98-A18C-F6CB1BED7846}.Release|Any CPU.Build.0 = Release|Any CPU
	EndGlobalSection
	GlobalSection(SolutionProperties) = preSolution
		HideSolutionNode = FALSE
	EndGlobalSection
	GlobalSection(ExtensibilityGlobals) = postSolution
		SolutionGuid = {B193ED1A-BDCB-46B3-807F-684E5E9D4F66}
	EndGlobalSection
EndGlobal
